# This file is automatically @generated by Cargo.
# It is not intended for manual editing.
version = 4

[[package]]
name = "linguasteg"
version = "0.1.0"
dependencies = [
 "linguasteg-core",
 "linguasteg-models",
]

[[package]]
name = "linguasteg-cli"
version = "0.1.0"
dependencies = [
 "linguasteg-core",
 "linguasteg-models",
]

[[package]]
name = "linguasteg-core"
version = "0.1.0"

[[package]]
name = "linguasteg-eval"
version = "0.1.0"

[[package]]
name = "linguasteg-models"
version = "0.1.0"
dependencies = [
 "linguasteg-core",
]
